{
    "_meta": {
        "hash": {
            "sha256": "1822967c3e5e1f652df04efdbbcf17ed0da78db4d6e4dc5592a0d46612e6ea5f"
        },
        "pipfile-spec": 6,
        "requires": {
            "python_version": "3.10"
        },
        "sources": [
            {
                "name": "pypi",
                "url": "https://pypi.org/simple",
                "verify_ssl": true
            }
        ]
    },
    "default": {},
    "develop": {}
}
